
Microsoft Visual Studio Solution File, Format Version 12.00
# Visual Studio 2012
Project("{FAE04EC0-301F-11D3-BF4B-00C04F79EFBC}") = "ProjectEuler", "ProjectEuler\ProjectEuler.csproj", "{B14A7D53-5BFB-4992-BD69-0959244707E9}"
EndProject
Project("{FAE04EC0-301F-11D3-BF4B-00C04F79EFBC}") = "Algorithms", "Algorithms\Algorithms.csproj", "{3BB135D7-1DEF-4886-82FC-92474B542C59}"
EndProject
Project("{FAE04EC0-301F-11D3-BF4B-00C04F79EFBC}") = "Rock.System", "MatrixKongLib\Rock.System.csproj", "{69D6743D-2C56-45F0-BD9B-459199E48D07}"
EndProject
Project("{2150E333-8FDC-42A3-9474-1A3956D46DE8}") = "Matrixkong", "Matrixkong", "{7DDF8DEE-A12D-4D24-982B-5BA21D447216}"
EndProject
Project("{FAE04EC0-301F-11D3-BF4B-00C04F79EFBC}") = "Rock.Mvc", "RockMvc\Rock.Mvc.csproj", "{6A6527ED-BDFF-40CA-B574-E4FA3EC0A36B}"
EndProject
Project("{FAE04EC0-301F-11D3-BF4B-00C04F79EFBC}") = "Rock.Logging", "Rock.Logging\Rock.Logging.csproj", "{94653F69-4815-4B17-AEE3-4EC3581A91AF}"
EndProject
Global
	GlobalSection(SolutionConfigurationPlatforms) = preSolution
		Debug|Any CPU = Debug|Any CPU
		Release|Any CPU = Release|Any CPU
	EndGlobalSection
	GlobalSection(ProjectConfigurationPlatforms) = postSolution
		{B14A7D53-5BFB-4992-BD69-0959244707E9}.Debug|Any CPU.ActiveCfg = Debug|Any CPU
		{B14A7D53-5BFB-4992-BD69-0959244707E9}.Debug|Any CPU.Build.0 = Debug|Any CPU
		{B14A7D53-5BFB-4992-BD69-0959244707E9}.Release|Any CPU.ActiveCfg = Release|Any CPU
		{B14A7D53-5BFB-4992-BD69-0959244707E9}.Release|Any CPU.Build.0 = Release|Any CPU
		{3BB135D7-1DEF-4886-82FC-92474B542C59}.Debug|Any CPU.ActiveCfg = Debug|Any CPU
		{3BB135D7-1DEF-4886-82FC-92474B542C59}.Debug|Any CPU.Build.0 = Debug|Any CPU
		{3BB135D7-1DEF-4886-82FC-92474B542C59}.Release|Any CPU.ActiveCfg = Release|Any CPU
		{3BB135D7-1DEF-4886-82FC-92474B542C59}.Release|Any CPU.Build.0 = Release|Any CPU
		{69D6743D-2C56-45F0-BD9B-459199E48D07}.Debug|Any CPU.ActiveCfg = Debug|Any CPU
		{69D6743D-2C56-45F0-BD9B-459199E48D07}.Debug|Any CPU.Build.0 = Debug|Any CPU
		{69D6743D-2C56-45F0-BD9B-459199E48D07}.Release|Any CPU.ActiveCfg = Release|Any CPU
		{69D6743D-2C56-45F0-BD9B-459199E48D07}.Release|Any CPU.Build.0 = Release|Any CPU
		{6A6527ED-BDFF-40CA-B574-E4FA3EC0A36B}.Debug|Any CPU.ActiveCfg = Debug|Any CPU
		{6A6527ED-BDFF-40CA-B574-E4FA3EC0A36B}.Debug|Any CPU.Build.0 = Debug|Any CPU
		{6A6527ED-BDFF-40CA-B574-E4FA3EC0A36B}.Release|Any CPU.ActiveCfg = Release|Any CPU
		{6A6527ED-BDFF-40CA-B574-E4FA3EC0A36B}.Release|Any CPU.Build.0 = Release|Any CPU
		{94653F69-4815-4B17-AEE3-4EC3581A91AF}.Debug|Any CPU.ActiveCfg = Debug|Any CPU
		{94653F69-4815-4B17-AEE3-4EC3581A91AF}.Debug|Any CPU.Build.0 = Debug|Any CPU
		{94653F69-4815-4B17-AEE3-4EC3581A91AF}.Release|Any CPU.ActiveCfg = Release|Any CPU
		{94653F69-4815-4B17-AEE3-4EC3581A91AF}.Release|Any CPU.Build.0 = Release|Any CPU
	EndGlobalSection
	GlobalSection(SolutionProperties) = preSolution
		HideSolutionNode = FALSE
	EndGlobalSection
	GlobalSection(NestedProjects) = preSolution
		{69D6743D-2C56-45F0-BD9B-459199E48D07} = {7DDF8DEE-A12D-4D24-982B-5BA21D447216}
		{6A6527ED-BDFF-40CA-B574-E4FA3EC0A36B} = {7DDF8DEE-A12D-4D24-982B-5BA21D447216}
		{94653F69-4815-4B17-AEE3-4EC3581A91AF} = {7DDF8DEE-A12D-4D24-982B-5BA21D447216}
	EndGlobalSection
EndGlobal
